
Microsoft Visual Studio Solution File, Format Version 12.00
# Visual Studio Version 17
VisualStudioVersion = 17.0.31903.59
MinimumVisualStudioVersion = 10.0.40219.1
Project("{FAE04EC0-301F-11D3-BF4B-00C04F79EFBC}") = "Domain", "Domain\Domain.csproj", "{BDC872FB-F5F1-4E42-809E-D2EFEB679CFC}"
EndProject
Project("{FAE04EC0-301F-11D3-BF4B-00C04F79EFBC}") = "Infrastructure", "Infrastructure\Infrastructure.csproj", "{40723709-D53B-495F-8021-9E2C6C265ED8}"
EndProject
Project("{FAE04EC0-301F-11D3-BF4B-00C04F79EFBC}") = "Patterns", "Patterns\Patterns.csproj", "{116D9D83-4956-4199-BC27-36F1169F9793}"
EndProject
Project("{FAE04EC0-301F-11D3-BF4B-00C04F79EFBC}") = "Api", "Api\Api.csproj", "{4FB108D3-2F7F-4316-ACDD-C3FC4E8ED0EE}"
EndProject
Project("{2150E333-8FDC-42A3-9474-1A3956D46DE8}") = "Tests", "Tests", "{0AB3BF05-4346-4AA6-1389-037BE0695223}"
EndProject
Project("{FAE04EC0-301F-11D3-BF4B-00C04F79EFBC}") = "ApiTests", "Tests\ApiTests\ApiTests.csproj", "{52F07F7C-CD49-48D5-9A14-0BF1B14F3CEE}"
EndProject
Project("{FAE04EC0-301F-11D3-BF4B-00C04F79EFBC}") = "Contracts", "Contracts\Contracts.csproj", "{3F5A76A4-496F-4178-A358-2997BDCA0CB0}"
EndProject
Global
	GlobalSection(SolutionConfigurationPlatforms) = preSolution
		Debug|Any CPU = Debug|Any CPU
		Debug|x64 = Debug|x64
		Debug|x86 = Debug|x86
		Release|Any CPU = Release|Any CPU
		Release|x64 = Release|x64
		Release|x86 = Release|x86
	EndGlobalSection
	GlobalSection(ProjectConfigurationPlatforms) = postSolution
		{BDC872FB-F5F1-4E42-809E-D2EFEB679CFC}.Debug|Any CPU.ActiveCfg = Debug|Any CPU
		{BDC872FB-F5F1-4E42-809E-D2EFEB679CFC}.Debug|Any CPU.Build.0 = Debug|Any CPU
		{BDC872FB-F5F1-4E42-809E-D2EFEB679CFC}.Debug|x64.ActiveCfg = Debug|Any CPU
		{BDC872FB-F5F1-4E42-809E-D2EFEB679CFC}.Debug|x64.Build.0 = Debug|Any CPU
		{BDC872FB-F5F1-4E42-809E-D2EFEB679CFC}.Debug|x86.ActiveCfg = Debug|Any CPU
		{BDC872FB-F5F1-4E42-809E-D2EFEB679CFC}.Debug|x86.Build.0 = Debug|Any CPU
		{BDC872FB-F5F1-4E42-809E-D2EFEB679CFC}.Release|Any CPU.ActiveCfg = Release|Any CPU
		{BDC872FB-F5F1-4E42-809E-D2EFEB679CFC}.Release|Any CPU.Build.0 = Release|Any CPU
		{BDC872FB-F5F1-4E42-809E-D2EFEB679CFC}.Release|x64.ActiveCfg = Release|Any CPU
		{BDC872FB-F5F1-4E42-809E-D2EFEB679CFC}.Release|x64.Build.0 = Release|Any CPU
		{BDC872FB-F5F1-4E42-809E-D2EFEB679CFC}.Release|x86.ActiveCfg = Release|Any CPU
		{BDC872FB-F5F1-4E42-809E-D2EFEB679CFC}.Release|x86.Build.0 = Release|Any CPU
		{40723709-D53B-495F-8021-9E2C6C265ED8}.Debug|Any CPU.ActiveCfg = Debug|Any CPU
		{40723709-D53B-495F-8021-9E2C6C265ED8}.Debug|Any CPU.Build.0 = Debug|Any CPU
		{40723709-D53B-495F-8021-9E2C6C265ED8}.Debug|x64.ActiveCfg = Debug|Any CPU
		{40723709-D53B-495F-8021-9E2C6C265ED8}.Debug|x64.Build.0 = Debug|Any CPU
		{40723709-D53B-495F-8021-9E2C6C265ED8}.Debug|x86.ActiveCfg = Debug|Any CPU
		{40723709-D53B-495F-8021-9E2C6C265ED8}.Debug|x86.Build.0 = Debug|Any CPU
		{40723709-D53B-495F-8021-9E2C6C265ED8}.Release|Any CPU.ActiveCfg = Release|Any CPU
		{40723709-D53B-495F-8021-9E2C6C265ED8}.Release|Any CPU.Build.0 = Release|Any CPU
		{40723709-D53B-495F-8021-9E2C6C265ED8}.Release|x64.ActiveCfg = Release|Any CPU
		{40723709-D53B-495F-8021-9E2C6C265ED8}.Release|x64.Build.0 = Release|Any CPU
		{40723709-D53B-495F-8021-9E2C6C265ED8}.Release|x86.ActiveCfg = Release|Any CPU
		{40723709-D53B-495F-8021-9E2C6C265ED8}.Release|x86.Build.0 = Release|Any CPU
		{116D9D83-4956-4199-BC27-36F1169F9793}.Debug|Any CPU.ActiveCfg = Debug|Any CPU
		{116D9D83-4956-4199-BC27-36F1169F9793}.Debug|Any CPU.Build.0 = Debug|Any CPU
		{116D9D83-4956-4199-BC27-36F1169F9793}.Debug|x64.ActiveCfg = Debug|Any CPU
		{116D9D83-4956-4199-BC27-36F1169F9793}.Debug|x64.Build.0 = Debug|Any CPU
		{116D9D83-4956-4199-BC27-36F1169F9793}.Debug|x86.ActiveCfg = Debug|Any CPU
		{116D9D83-4956-4199-BC27-36F1169F9793}.Debug|x86.Build.0 = Debug|Any CPU
		{116D9D83-4956-4199-BC27-36F1169F9793}.Release|Any CPU.ActiveCfg = Release|Any CPU
		{116D9D83-4956-4199-BC27-36F1169F9793}.Release|Any CPU.Build.0 = Release|Any CPU
		{116D9D83-4956-4199-BC27-36F1169F9793}.Release|x64.ActiveCfg = Release|Any CPU
		{116D9D83-4956-4199-BC27-36F1169F9793}.Release|x64.Build.0 = Release|Any CPU
		{116D9D83-4956-4199-BC27-36F1169F9793}.Release|x86.ActiveCfg = Release|Any CPU
		{116D9D83-4956-4199-BC27-36F1169F9793}.Release|x86.Build.0 = Release|Any CPU
		{4FB108D3-2F7F-4316-ACDD-C3FC4E8ED0EE}.Debug|Any CPU.ActiveCfg = Debug|Any CPU
		{4FB108D3-2F7F-4316-ACDD-C3FC4E8ED0EE}.Debug|Any CPU.Build.0 = Debug|Any CPU
		{4FB108D3-2F7F-4316-ACDD-C3FC4E8ED0EE}.Debug|x64.ActiveCfg = Debug|Any CPU
		{4FB108D3-2F7F-4316-ACDD-C3FC4E8ED0EE}.Debug|x64.Build.0 = Debug|Any CPU
		{4FB108D3-2F7F-4316-ACDD-C3FC4E8ED0EE}.Debug|x86.ActiveCfg = Debug|Any CPU
		{4FB108D3-2F7F-4316-ACDD-C3FC4E8ED0EE}.Debug|x86.Build.0 = Debug|Any CPU
		{4FB108D3-2F7F-4316-ACDD-C3FC4E8ED0EE}.Release|Any CPU.ActiveCfg = Release|Any CPU
		{4FB108D3-2F7F-4316-ACDD-C3FC4E8ED0EE}.Release|Any CPU.Build.0 = Release|Any CPU
		{4FB108D3-2F7F-4316-ACDD-C3FC4E8ED0EE}.Release|x64.ActiveCfg = Release|Any CPU
		{4FB108D3-2F7F-4316-ACDD-C3FC4E8ED0EE}.Release|x64.Build.0 = Release|Any CPU
		{4FB108D3-2F7F-4316-ACDD-C3FC4E8ED0EE}.Release|x86.ActiveCfg = Release|Any CPU
		{4FB108D3-2F7F-4316-ACDD-C3FC4E8ED0EE}.Release|x86.Build.0 = Release|Any CPU
		{52F07F7C-CD49-48D5-9A14-0BF1B14F3CEE}.Debug|Any CPU.ActiveCfg = Debug|Any CPU
		{52F07F7C-CD49-48D5-9A14-0BF1B14F3CEE}.Debug|Any CPU.Build.0 = Debug|Any CPU
		{52F07F7C-CD49-48D5-9A14-0BF1B14F3CEE}.Debug|x64.ActiveCfg = Debug|Any CPU
		{52F07F7C-CD49-48D5-9A14-0BF1B14F3CEE}.Debug|x64.Build.0 = Debug|Any CPU
		{52F07F7C-CD49-48D5-9A14-0BF1B14F3CEE}.Debug|x86.ActiveCfg = Debug|Any CPU
		{52F07F7C-CD49-48D5-9A14-0BF1B14F3CEE}.Debug|x86.Build.0 = Debug|Any CPU
		{52F07F7C-CD49-48D5-9A14-0BF1B14F3CEE}.Release|Any CPU.ActiveCfg = Release|Any CPU
		{52F07F7C-CD49-48D5-9A14-0BF1B14F3CEE}.Release|Any CPU.Build.0 = Release|Any CPU
		{52F07F7C-CD49-48D5-9A14-0BF1B14F3CEE}.Release|x64.ActiveCfg = Release|Any CPU
		{52F07F7C-CD49-48D5-9A14-0BF1B14F3CEE}.Release|x64.Build.0 = Release|Any CPU
		{52F07F7C-CD49-48D5-9A14-0BF1B14F3CEE}.Release|x86.ActiveCfg = Release|Any CPU
		{52F07F7C-CD49-48D5-9A14-0BF1B14F3CEE}.Release|x86.Build.0 = Release|Any CPU
		{3F5A76A4-496F-4178-A358-2997BDCA0CB0}.Debug|Any CPU.ActiveCfg = Debug|Any CPU
		{3F5A76A4-496F-4178-A358-2997BDCA0CB0}.Debug|Any CPU.Build.0 = Debug|Any CPU
		{3F5A76A4-496F-4178-A358-2997BDCA0CB0}.Debug|x64.ActiveCfg = Debug|Any CPU
		{3F5A76A4-496F-4178-A358-2997BDCA0CB0}.Debug|x64.Build.0 = Debug|Any CPU
		{3F5A76A4-496F-4178-A358-2997BDCA0CB0}.Debug|x86.ActiveCfg = Debug|Any CPU
		{3F5A76A4-496F-4178-A358-2997BDCA0CB0}.Debug|x86.Build.0 = Debug|Any CPU
		{3F5A76A4-496F-4178-A358-2997BDCA0CB0}.Release|Any CPU.ActiveCfg = Release|Any CPU
		{3F5A76A4-496F-4178-A358-2997BDCA0CB0}.Release|Any CPU.Build.0 = Release|Any CPU
		{3F5A76A4-496F-4178-A358-2997BDCA0CB0}.Release|x64.ActiveCfg = Release|Any CPU
		{3F5A76A4-496F-4178-A358-2997BDCA0CB0}.Release|x64.Build.0 = Release|Any CPU
		{3F5A76A4-496F-4178-A358-2997BDCA0CB0}.Release|x86.ActiveCfg = Release|Any CPU
		{3F5A76A4-496F-4178-A358-2997BDCA0CB0}.Release|x86.Build.0 = Release|Any CPU
	EndGlobalSection
	GlobalSection(SolutionProperties) = preSolution
		HideSolutionNode = FALSE
	EndGlobalSection
	GlobalSection(NestedProjects) = preSolution
		{52F07F7C-CD49-48D5-9A14-0BF1B14F3CEE} = {0AB3BF05-4346-4AA6-1389-037BE0695223}
	EndGlobalSection
EndGlobal
